
Microsoft Visual Studio Solution File, Format Version 12.00
# Visual Studio Version 16
VisualStudioVersion = 16.0.35026.282
MinimumVisualStudioVersion = 10.0.40219.1
Project("{FAE04EC0-301F-11D3-BF4B-00C04F79EFBC}") = "LunchAPI", "LunchAPI\LunchAPI.csproj", "{E7EA0D39-D40F-4B60-ABE6-69D5080A1378}"
EndProject
Project("{FAE04EC0-301F-11D3-BF4B-00C04F79EFBC}") = "TestLunchAPI", "TestLunchAPI\TestLunchAPI.csproj", "{97B36E1E-D52B-4E14-A341-8BB770D8FECF}"
EndProject
Global
	GlobalSection(SolutionConfigurationPlatforms) = preSolution
		Debug|Any CPU = Debug|Any CPU
		Release|Any CPU = Release|Any CPU
	EndGlobalSection
	GlobalSection(ProjectConfigurationPlatforms) = postSolution
		{E7EA0D39-D40F-4B60-ABE6-69D5080A1378}.Debug|Any CPU.ActiveCfg = Debug|Any CPU
		{E7EA0D39-D40F-4B60-ABE6-69D5080A1378}.Debug|Any CPU.Build.0 = Debug|Any CPU
		{E7EA0D39-D40F-4B60-ABE6-69D5080A1378}.Release|Any CPU.ActiveCfg = Release|Any CPU
		{E7EA0D39-D40F-4B60-ABE6-69D5080A1378}.Release|Any CPU.Build.0 = Release|Any CPU
		{97B36E1E-D52B-4E14-A341-8BB770D8FECF}.Debug|Any CPU.ActiveCfg = Debug|Any CPU
		{97B36E1E-D52B-4E14-A341-8BB770D8FECF}.Debug|Any CPU.Build.0 = Debug|Any CPU
		{97B36E1E-D52B-4E14-A341-8BB770D8FECF}.Release|Any CPU.ActiveCfg = Release|Any CPU
		{97B36E1E-D52B-4E14-A341-8BB770D8FECF}.Release|Any CPU.Build.0 = Release|Any CPU
	EndGlobalSection
	GlobalSection(SolutionProperties) = preSolution
		HideSolutionNode = FALSE
	EndGlobalSection
	GlobalSection(ExtensibilityGlobals) = postSolution
		SolutionGuid = {F99EC424-FCFD-4353-A00C-988AB30363D6}
	EndGlobalSection
EndGlobal
